// !$*UTF8*$!
{
	archiveVersion = 1;
	classes = {
	};
	objectVersion = 56;
	objects = {

/* Begin PBXBuildFile section */
		FCB02E852A548FD000C3EACC /* RoamXApp.swift in Sources */ = {isa = PBXBuildFile; fileRef = FCB02E842A548FD000C3EACC /* RoamXApp.swift */; };
		FCB02E872A548FD000C3EACC /* ContentView.swift in Sources */ = {isa = PBXBuildFile; fileRef = FCB02E862A548FD000C3EACC /* ContentView.swift */; };
		FCB02E892A548FD300C3EACC /* Assets.xcassets in Resources */ = {isa = PBXBuildFile; fileRef = FCB02E882A548FD300C3EACC /* Assets.xcassets */; };
		FCB02E8C2A548FD300C3EACC /* Preview Assets.xcassets in Resources */ = {isa = PBXBuildFile; fileRef = FCB02E8B2A548FD300C3EACC /* Preview Assets.xcassets */; };
		FCB02E992A54905900C3EACC /* RoamXTests.swift in Sources */ = {isa = PBXBuildFile; fileRef = FCB02E982A54905900C3EACC /* RoamXTests.swift */; };
		FCB02EA32A54A67F00C3EACC /* UIColor+RoamX.swift in Sources */ = {isa = PBXBuildFile; fileRef = FCB02EA22A54A67F00C3EACC /* UIColor+RoamX.swift */; };
		FCB02ED22A54C5F000C3EACC /* LogoMonochromeLight.svg in Resources */ = {isa = PBXBuildFile; fileRef = FCB02EC82A54C5EF00C3EACC /* LogoMonochromeLight.svg */; };
		FCB02ED32A54C5F000C3EACC /* AppIcon1024@1x.jpeg in Resources */ = {isa = PBXBuildFile; fileRef = FCB02EC92A54C5EF00C3EACC /* AppIcon1024@1x.jpeg */; };
		FCB02ED42A54C5F000C3EACC /* LogoFillGrayscaleWhite.svg in Resources */ = {isa = PBXBuildFile; fileRef = FCB02ECA2A54C5EF00C3EACC /* LogoFillGrayscaleWhite.svg */; };
		FCB02ED52A54C5F000C3EACC /* LogoFillMonochromeDark.svg in Resources */ = {isa = PBXBuildFile; fileRef = FCB02ECB2A54C5EF00C3EACC /* LogoFillMonochromeDark.svg */; };
		FCB02ED62A54C5F000C3EACC /* LogoFillMultiColor.svg in Resources */ = {isa = PBXBuildFile; fileRef = FCB02ECC2A54C5EF00C3EACC /* LogoFillMultiColor.svg */; };
		FCB02ED72A54C5F000C3EACC /* LogoGrayscaleWhite.svg in Resources */ = {isa = PBXBuildFile; fileRef = FCB02ECD2A54C5EF00C3EACC /* LogoGrayscaleWhite.svg */; };
		FCB02ED82A54C5F000C3EACC /* LogoMonochromeDark.svg in Resources */ = {isa = PBXBuildFile; fileRef = FCB02ECE2A54C5EF00C3EACC /* LogoMonochromeDark.svg */; };
		FCB02ED92A54C5F000C3EACC /* LogoFillGrayscaleBlack.svg in Resources */ = {isa = PBXBuildFile; fileRef = FCB02ECF2A54C5EF00C3EACC /* LogoFillGrayscaleBlack.svg */; };
		FCB02EDA2A54C5F000C3EACC /* LogoFillMonochromeLight.svg in Resources */ = {isa = PBXBuildFile; fileRef = FCB02ED02A54C5EF00C3EACC /* LogoFillMonochromeLight.svg */; };
		FCB02EDB2A54C5F000C3EACC /* LogoGrayscaleBlack.svg in Resources */ = {isa = PBXBuildFile; fileRef = FCB02ED12A54C5EF00C3EACC /* LogoGrayscaleBlack.svg */; };
/* End PBXBuildFile section */

/* Begin PBXContainerItemProxy section */
		FCB02E9A2A54905A00C3EACC /* PBXContainerItemProxy */ = {
			isa = PBXContainerItemProxy;
			containerPortal = FCB02E792A548FD000C3EACC /* Project object */;
			proxyType = 1;
			remoteGlobalIDString = FCB02E802A548FD000C3EACC;
			remoteInfo = RoamX;
		};
/* End PBXContainerItemProxy section */

/* Begin PBXFileReference section */
		FCB02E812A548FD000C3EACC /* RoamX.app */ = {isa = PBXFileReference; explicitFileType = wrapper.application; includeInIndex = 0; path = RoamX.app; sourceTree = BUILT_PRODUCTS_DIR; };
		FCB02E842A548FD000C3EACC /* RoamXApp.swift */ = {isa = PBXFileReference; lastKnownFileType = sourcecode.swift; path = RoamXApp.swift; sourceTree = "<group>"; };
		FCB02E862A548FD000C3EACC /* ContentView.swift */ = {isa = PBXFileReference; lastKnownFileType = sourcecode.swift; path = ContentView.swift; sourceTree = "<group>"; };
		FCB02E882A548FD300C3EACC /* Assets.xcassets */ = {isa = PBXFileReference; lastKnownFileType = folder.assetcatalog; path = Assets.xcassets; sourceTree = "<group>"; };
		FCB02E8B2A548FD300C3EACC /* Preview Assets.xcassets */ = {isa = PBXFileReference; lastKnownFileType = folder.assetcatalog; path = "Preview Assets.xcassets"; sourceTree = "<group>"; };
		FCB02E962A54905900C3EACC /* RoamXTests.xctest */ = {isa = PBXFileReference; explicitFileType = wrapper.cfbundle; includeInIndex = 0; path = RoamXTests.xctest; sourceTree = BUILT_PRODUCTS_DIR; };
		FCB02E982A54905900C3EACC /* RoamXTests.swift */ = {isa = PBXFileReference; lastKnownFileType = sourcecode.swift; path = RoamXTests.swift; sourceTree = "<group>"; };
		FCB02E9F2A54911300C3EACC /* Unit Tests.xctestplan */ = {isa = PBXFileReference; lastKnownFileType = text; name = "Unit Tests.xctestplan"; path = "RoamX/Unit Tests.xctestplan"; sourceTree = SOURCE_ROOT; };
		FCB02EA22A54A67F00C3EACC /* UIColor+RoamX.swift */ = {isa = PBXFileReference; lastKnownFileType = sourcecode.swift; path = "UIColor+RoamX.swift"; sourceTree = "<group>"; };
		FCB02EC82A54C5EF00C3EACC /* LogoMonochromeLight.svg */ = {isa = PBXFileReference; fileEncoding = 4; lastKnownFileType = text.xml; path = LogoMonochromeLight.svg; sourceTree = "<group>"; };
		FCB02EC92A54C5EF00C3EACC /* AppIcon1024@1x.jpeg */ = {isa = PBXFileReference; lastKnownFileType = image.jpeg; path = "AppIcon1024@1x.jpeg"; sourceTree = "<group>"; };
		FCB02ECA2A54C5EF00C3EACC /* LogoFillGrayscaleWhite.svg */ = {isa = PBXFileReference; fileEncoding = 4; lastKnownFileType = text; path = LogoFillGrayscaleWhite.svg; sourceTree = "<group>"; };
		FCB02ECB2A54C5EF00C3EACC /* LogoFillMonochromeDark.svg */ = {isa = PBXFileReference; fileEncoding = 4; lastKnownFileType = text; path = LogoFillMonochromeDark.svg; sourceTree = "<group>"; };
		FCB02ECC2A54C5EF00C3EACC /* LogoFillMultiColor.svg */ = {isa = PBXFileReference; fileEncoding = 4; lastKnownFileType = text; path = LogoFillMultiColor.svg; sourceTree = "<group>"; };
		FCB02ECD2A54C5EF00C3EACC /* LogoGrayscaleWhite.svg */ = {isa = PBXFileReference; fileEncoding = 4; lastKnownFileType = text.xml; path = LogoGrayscaleWhite.svg; sourceTree = "<group>"; };
		FCB02ECE2A54C5EF00C3EACC /* LogoMonochromeDark.svg */ = {isa = PBXFileReference; fileEncoding = 4; lastKnownFileType = text.xml; path = LogoMonochromeDark.svg; sourceTree = "<group>"; };
		FCB02ECF2A54C5EF00C3EACC /* LogoFillGrayscaleBlack.svg */ = {isa = PBXFileReference; fileEncoding = 4; lastKnownFileType = text; path = LogoFillGrayscaleBlack.svg; sourceTree = "<group>"; };
		FCB02ED02A54C5EF00C3EACC /* LogoFillMonochromeLight.svg */ = {isa = PBXFileReference; fileEncoding = 4; lastKnownFileType = text; path = LogoFillMonochromeLight.svg; sourceTree = "<group>"; };
		FCB02ED12A54C5EF00C3EACC /* LogoGrayscaleBlack.svg */ = {isa = PBXFileReference; fileEncoding = 4; lastKnownFileType = text.xml; path = LogoGrayscaleBlack.svg; sourceTree = "<group>"; };
/* End PBXFileReference section */

/* Begin PBXFrameworksBuildPhase section */
		FCB02E7E2A548FD000C3EACC /* Frameworks */ = {
			isa = PBXFrameworksBuildPhase;
			buildActionMask = 2147483647;
			files = (
			);
			runOnlyForDeploymentPostprocessing = 0;
		};
		FCB02E932A54905900C3EACC /* Frameworks */ = {
			isa = PBXFrameworksBuildPhase;
			buildActionMask = 2147483647;
			files = (
			);
			runOnlyForDeploymentPostprocessing = 0;
		};
/* End PBXFrameworksBuildPhase section */

/* Begin PBXGroup section */
		FCB02E782A548FD000C3EACC = {
			isa = PBXGroup;
			children = (
				FCB02E832A548FD000C3EACC /* RoamX */,
				FCB02E972A54905900C3EACC /* RoamXTests */,
				FCB02E822A548FD000C3EACC /* Products */,
				FCB02EA52A54B1BF00C3EACC /* Resources */,
			);
			sourceTree = "<group>";
		};
		FCB02E822A548FD000C3EACC /* Products */ = {
			isa = PBXGroup;
			children = (
				FCB02E812A548FD000C3EACC /* RoamX.app */,
				FCB02E962A54905900C3EACC /* RoamXTests.xctest */,
			);
			name = Products;
			sourceTree = "<group>";
		};
		FCB02E832A548FD000C3EACC /* RoamX */ = {
			isa = PBXGroup;
			children = (
				FCB02E842A548FD000C3EACC /* RoamXApp.swift */,
				FCB02EA02A54A64100C3EACC /* Models */,
				FCB02EA12A54A64C00C3EACC /* Views */,
				FCB02E882A548FD300C3EACC /* Assets.xcassets */,
				FCB02E8A2A548FD300C3EACC /* Preview Content */,
			);
			path = RoamX;
			sourceTree = "<group>";
		};
		FCB02E8A2A548FD300C3EACC /* Preview Content */ = {
			isa = PBXGroup;
			children = (
				FCB02E8B2A548FD300C3EACC /* Preview Assets.xcassets */,
			);
			path = "Preview Content";
			sourceTree = "<group>";
		};
		FCB02E972A54905900C3EACC /* RoamXTests */ = {
			isa = PBXGroup;
			children = (
				FCB02E9F2A54911300C3EACC /* Unit Tests.xctestplan */,
				FCB02E982A54905900C3EACC /* RoamXTests.swift */,
			);
			path = RoamXTests;
			sourceTree = "<group>";
		};
		FCB02EA02A54A64100C3EACC /* Models */ = {
			isa = PBXGroup;
			children = (
				FCB02EA22A54A67F00C3EACC /* UIColor+RoamX.swift */,
			);
			path = Models;
			sourceTree = "<group>";
		};
		FCB02EA12A54A64C00C3EACC /* Views */ = {
			isa = PBXGroup;
			children = (
				FCB02E862A548FD000C3EACC /* ContentView.swift */,
			);
			path = Views;
			sourceTree = "<group>";
		};
		FCB02EA52A54B1BF00C3EACC /* Resources */ = {
			isa = PBXGroup;
			children = (
				FCB02EC92A54C5EF00C3EACC /* AppIcon1024@1x.jpeg */,
				FCB02ECF2A54C5EF00C3EACC /* LogoFillGrayscaleBlack.svg */,
				FCB02ECA2A54C5EF00C3EACC /* LogoFillGrayscaleWhite.svg */,
				FCB02ECB2A54C5EF00C3EACC /* LogoFillMonochromeDark.svg */,
				FCB02ED02A54C5EF00C3EACC /* LogoFillMonochromeLight.svg */,
				FCB02ECC2A54C5EF00C3EACC /* LogoFillMultiColor.svg */,
				FCB02ED12A54C5EF00C3EACC /* LogoGrayscaleBlack.svg */,
				FCB02ECD2A54C5EF00C3EACC /* LogoGrayscaleWhite.svg */,
				FCB02ECE2A54C5EF00C3EACC /* LogoMonochromeDark.svg */,
				FCB02EC82A54C5EF00C3EACC /* LogoMonochromeLight.svg */,
			);
			path = Resources;
			sourceTree = "<group>";
		};
/* End PBXGroup section */

/* Begin PBXNativeTarget section */
		FCB02E802A548FD000C3EACC /* RoamX */ = {
			isa = PBXNativeTarget;
			buildConfigurationList = FCB02E8F2A548FD300C3EACC /* Build configuration list for PBXNativeTarget "RoamX" */;
			buildPhases = (
				FCB02E7D2A548FD000C3EACC /* Sources */,
				FCB02E7E2A548FD000C3EACC /* Frameworks */,
				FCB02E7F2A548FD000C3EACC /* Resources */,
			);
			buildRules = (
			);
			dependencies = (
			);
			name = RoamX;
			productName = RoamX;
			productReference = FCB02E812A548FD000C3EACC /* RoamX.app */;
			productType = "com.apple.product-type.application";
		};
		FCB02E952A54905900C3EACC /* RoamXTests */ = {
			isa = PBXNativeTarget;
			buildConfigurationList = FCB02E9E2A54905A00C3EACC /* Build configuration list for PBXNativeTarget "RoamXTests" */;
			buildPhases = (
				FCB02E922A54905900C3EACC /* Sources */,
				FCB02E932A54905900C3EACC /* Frameworks */,
				FCB02E942A54905900C3EACC /* Resources */,
			);
			buildRules = (
			);
			dependencies = (
				FCB02E9B2A54905A00C3EACC /* PBXTargetDependency */,
			);
			name = RoamXTests;
			productName = RoamXTests;
			productReference = FCB02E962A54905900C3EACC /* RoamXTests.xctest */;
			productType = "com.apple.product-type.bundle.unit-test";
		};
/* End PBXNativeTarget section */

/* Begin PBXProject section */
		FCB02E792A548FD000C3EACC /* Project object */ = {
			isa = PBXProject;
			attributes = {
				BuildIndependentTargetsInParallel = 1;
				LastSwiftUpdateCheck = 1420;
				LastUpgradeCheck = 1420;
				TargetAttributes = {
					FCB02E802A548FD000C3EACC = {
						CreatedOnToolsVersion = 14.2;
					};
					FCB02E952A54905900C3EACC = {
						CreatedOnToolsVersion = 14.2;
						TestTargetID = FCB02E802A548FD000C3EACC;
					};
				};
			};
			buildConfigurationList = FCB02E7C2A548FD000C3EACC /* Build configuration list for PBXProject "RoamX" */;
			compatibilityVersion = "Xcode 14.0";
			developmentRegion = en;
			hasScannedForEncodings = 0;
			knownRegions = (
				en,
				Base,
			);
			mainGroup = FCB02E782A548FD000C3EACC;
			productRefGroup = FCB02E822A548FD000C3EACC /* Products */;
			projectDirPath = "";
			projectRoot = "";
			targets = (
				FCB02E802A548FD000C3EACC /* RoamX */,
				FCB02E952A54905900C3EACC /* RoamXTests */,
			);
		};
/* End PBXProject section */

/* Begin PBXResourcesBuildPhase section */
		FCB02E7F2A548FD000C3EACC /* Resources */ = {
			isa = PBXResourcesBuildPhase;
			buildActionMask = 2147483647;
			files = (
				FCB02ED22A54C5F000C3EACC /* LogoMonochromeLight.svg in Resources */,
				FCB02EDB2A54C5F000C3EACC /* LogoGrayscaleBlack.svg in Resources */,
				FCB02ED72A54C5F000C3EACC /* LogoGrayscaleWhite.svg in Resources */,
				FCB02ED92A54C5F000C3EACC /* LogoFillGrayscaleBlack.svg in Resources */,
				FCB02ED32A54C5F000C3EACC /* AppIcon1024@1x.jpeg in Resources */,
				FCB02ED42A54C5F000C3EACC /* LogoFillGrayscaleWhite.svg in Resources */,
				FCB02E8C2A548FD300C3EACC /* Preview Assets.xcassets in Resources */,
				FCB02E892A548FD300C3EACC /* Assets.xcassets in Resources */,
				FCB02ED62A54C5F000C3EACC /* LogoFillMultiColor.svg in Resources */,
				FCB02ED52A54C5F000C3EACC /* LogoFillMonochromeDark.svg in Resources */,
				FCB02EDA2A54C5F000C3EACC /* LogoFillMonochromeLight.svg in Resources */,
				FCB02ED82A54C5F000C3EACC /* LogoMonochromeDark.svg in Resources */,
			);
			runOnlyForDeploymentPostprocessing = 0;
		};
		FCB02E942A54905900C3EACC /* Resources */ = {
			isa = PBXResourcesBuildPhase;
			buildActionMask = 2147483647;
			files = (
			);
			runOnlyForDeploymentPostprocessing = 0;
		};
/* End PBXResourcesBuildPhase section */

/* Begin PBXSourcesBuildPhase section */
		FCB02E7D2A548FD000C3EACC /* Sources */ = {
			isa = PBXSourcesBuildPhase;
			buildActionMask = 2147483647;
			files = (
				FCB02E872A548FD000C3EACC /* ContentView.swift in Sources */,
				FCB02E852A548FD000C3EACC /* RoamXApp.swift in Sources */,
				FCB02EA32A54A67F00C3EACC /* UIColor+RoamX.swift in Sources */,
			);
			runOnlyForDeploymentPostprocessing = 0;
		};
		FCB02E922A54905900C3EACC /* Sources */ = {
			isa = PBXSourcesBuildPhase;
			buildActionMask = 2147483647;
			files = (
				FCB02E992A54905900C3EACC /* RoamXTests.swift in Sources */,
			);
			runOnlyForDeploymentPostprocessing = 0;
		};
/* End PBXSourcesBuildPhase section */

/* Begin PBXTargetDependency section */
		FCB02E9B2A54905A00C3EACC /* PBXTargetDependency */ = {
			isa = PBXTargetDependency;
			target = FCB02E802A548FD000C3EACC /* RoamX */;
			targetProxy = FCB02E9A2A54905A00C3EACC /* PBXContainerItemProxy */;
		};
/* End PBXTargetDependency section */

/* Begin XCBuildConfiguration section */
		FCB02E8D2A548FD300C3EACC /* Debug */ = {
			isa = XCBuildConfiguration;
			buildSettings = {
				ALWAYS_SEARCH_USER_PATHS = NO;
				CLANG_ANALYZER_NONNULL = YES;
				CLANG_ANALYZER_NUMBER_OBJECT_CONVERSION = YES_AGGRESSIVE;
				CLANG_CXX_LANGUAGE_STANDARD = "gnu++20";
				CLANG_ENABLE_MODULES = YES;
				CLANG_ENABLE_OBJC_ARC = YES;
				CLANG_ENABLE_OBJC_WEAK = YES;
				CLANG_WARN_BLOCK_CAPTURE_AUTORELEASING = YES;
				CLANG_WARN_BOOL_CONVERSION = YES;
				CLANG_WARN_COMMA = YES;
				CLANG_WARN_CONSTANT_CONVERSION = YES;
				CLANG_WARN_DEPRECATED_OBJC_IMPLEMENTATIONS = YES;
				CLANG_WARN_DIRECT_OBJC_ISA_USAGE = YES_ERROR;
				CLANG_WARN_DOCUMENTATION_COMMENTS = YES;
				CLANG_WARN_EMPTY_BODY = YES;
				CLANG_WARN_ENUM_CONVERSION = YES;
				CLANG_WARN_INFINITE_RECURSION = YES;
				CLANG_WARN_INT_CONVERSION = YES;
				CLANG_WARN_NON_LITERAL_NULL_CONVERSION = YES;
				CLANG_WARN_OBJC_IMPLICIT_RETAIN_SELF = YES;
				CLANG_WARN_OBJC_LITERAL_CONVERSION = YES;
				CLANG_WARN_OBJC_ROOT_CLASS = YES_ERROR;
				CLANG_WARN_QUOTED_INCLUDE_IN_FRAMEWORK_HEADER = YES;
				CLANG_WARN_RANGE_LOOP_ANALYSIS = YES;
				CLANG_WARN_STRICT_PROTOTYPES = YES;
				CLANG_WARN_SUSPICIOUS_MOVE = YES;
				CLANG_WARN_UNGUARDED_AVAILABILITY = YES_AGGRESSIVE;
				CLANG_WARN_UNREACHABLE_CODE = YES;
				CLANG_WARN__DUPLICATE_METHOD_MATCH = YES;
				COPY_PHASE_STRIP = NO;
				DEBUG_INFORMATION_FORMAT = dwarf;
				ENABLE_STRICT_OBJC_MSGSEND = YES;
				ENABLE_TESTABILITY = YES;
				GCC_C_LANGUAGE_STANDARD = gnu11;
				GCC_DYNAMIC_NO_PIC = NO;
				GCC_NO_COMMON_BLOCKS = YES;
				GCC_OPTIMIZATION_LEVEL = 0;
				GCC_PREPROCESSOR_DEFINITIONS = (
					"DEBUG=1",
					"$(inherited)",
				);
				GCC_WARN_64_TO_32_BIT_CONVERSION = YES;
				GCC_WARN_ABOUT_RETURN_TYPE = YES_ERROR;
				GCC_WARN_UNDECLARED_SELECTOR = YES;
				GCC_WARN_UNINITIALIZED_AUTOS = YES_AGGRESSIVE;
				GCC_WARN_UNUSED_FUNCTION = YES;
				GCC_WARN_UNUSED_VARIABLE = YES;
				IPHONEOS_DEPLOYMENT_TARGET = 16.2;
				MTL_ENABLE_DEBUG_INFO = INCLUDE_SOURCE;
				MTL_FAST_MATH = YES;
				ONLY_ACTIVE_ARCH = YES;
				SDKROOT = iphoneos;
				SWIFT_ACTIVE_COMPILATION_CONDITIONS = DEBUG;
				SWIFT_OPTIMIZATION_LEVEL = "-Onone";
			};
			name = Debug;
		};
		FCB02E8E2A548FD300C3EACC /* Release */ = {
			isa = XCBuildConfiguration;
			buildSettings = {
				ALWAYS_SEARCH_USER_PATHS = NO;
				CLANG_ANALYZER_NONNULL = YES;
				CLANG_ANALYZER_NUMBER_OBJECT_CONVERSION = YES_AGGRESSIVE;
				CLANG_CXX_LANGUAGE_STANDARD = "gnu++20";
				CLANG_ENABLE_MODULES = YES;
				CLANG_ENABLE_OBJC_ARC = YES;
				CLANG_ENABLE_OBJC_WEAK = YES;
				CLANG_WARN_BLOCK_CAPTURE_AUTORELEASING = YES;
				CLANG_WARN_BOOL_CONVERSION = YES;
				CLANG_WARN_COMMA = YES;
				CLANG_WARN_CONSTANT_CONVERSION = YES;
				CLANG_WARN_DEPRECATED_OBJC_IMPLEMENTATIONS = YES;
				CLANG_WARN_DIRECT_OBJC_ISA_USAGE = YES_ERROR;
				CLANG_WARN_DOCUMENTATION_COMMENTS = YES;
				CLANG_WARN_EMPTY_BODY = YES;
				CLANG_WARN_ENUM_CONVERSION = YES;
				CLANG_WARN_INFINITE_RECURSION = YES;
				CLANG_WARN_INT_CONVERSION = YES;
				CLANG_WARN_NON_LITERAL_NULL_CONVERSION = YES;
				CLANG_WARN_OBJC_IMPLICIT_RETAIN_SELF = YES;
				CLANG_WARN_OBJC_LITERAL_CONVERSION = YES;
				CLANG_WARN_OBJC_ROOT_CLASS = YES_ERROR;
				CLANG_WARN_QUOTED_INCLUDE_IN_FRAMEWORK_HEADER = YES;
				CLANG_WARN_RANGE_LOOP_ANALYSIS = YES;
				CLANG_WARN_STRICT_PROTOTYPES = YES;
				CLANG_WARN_SUSPICIOUS_MOVE = YES;
				CLANG_WARN_UNGUARDED_AVAILABILITY = YES_AGGRESSIVE;
				CLANG_WARN_UNREACHABLE_CODE = YES;
				CLANG_WARN__DUPLICATE_METHOD_MATCH = YES;
				COPY_PHASE_STRIP = NO;
				DEBUG_INFORMATION_FORMAT = "dwarf-with-dsym";
				ENABLE_NS_ASSERTIONS = NO;
				ENABLE_STRICT_OBJC_MSGSEND = YES;
				GCC_C_LANGUAGE_STANDARD = gnu11;
				GCC_NO_COMMON_BLOCKS = YES;
				GCC_WARN_64_TO_32_BIT_CONVERSION = YES;
				GCC_WARN_ABOUT_RETURN_TYPE = YES_ERROR;
				GCC_WARN_UNDECLARED_SELECTOR = YES;
				GCC_WARN_UNINITIALIZED_AUTOS = YES_AGGRESSIVE;
				GCC_WARN_UNUSED_FUNCTION = YES;
				GCC_WARN_UNUSED_VARIABLE = YES;
				IPHONEOS_DEPLOYMENT_TARGET = 16.2;
				MTL_ENABLE_DEBUG_INFO = NO;
				MTL_FAST_MATH = YES;
				SDKROOT = iphoneos;
				SWIFT_COMPILATION_MODE = wholemodule;
				SWIFT_OPTIMIZATION_LEVEL = "-O";
				VALIDATE_PRODUCT = YES;
			};
			name = Release;
		};
		FCB02E902A548FD300C3EACC /* Debug */ = {
			isa = XCBuildConfiguration;
			buildSettings = {
				ASSETCATALOG_COMPILER_APPICON_NAME = AppIcon;
				ASSETCATALOG_COMPILER_GLOBAL_ACCENT_COLOR_NAME = AccentColor;
				CODE_SIGN_STYLE = Automatic;
				CURRENT_PROJECT_VERSION = 1;
				DEVELOPMENT_ASSET_PATHS = "\"RoamX/Preview Content\"";
				ENABLE_PREVIEWS = YES;
				GENERATE_INFOPLIST_FILE = YES;
				INFOPLIST_KEY_UIApplicationSceneManifest_Generation = YES;
				INFOPLIST_KEY_UIApplicationSupportsIndirectInputEvents = YES;
				INFOPLIST_KEY_UILaunchScreen_Generation = YES;
				INFOPLIST_KEY_UISupportedInterfaceOrientations_iPad = "UIInterfaceOrientationPortrait UIInterfaceOrientationPortraitUpsideDown UIInterfaceOrientationLandscapeLeft UIInterfaceOrientationLandscapeRight";
				INFOPLIST_KEY_UISupportedInterfaceOrientations_iPhone = "UIInterfaceOrientationPortrait UIInterfaceOrientationLandscapeLeft UIInterfaceOrientationLandscapeRight";
				LD_RUNPATH_SEARCH_PATHS = (
					"$(inherited)",
					"@executable_path/Frameworks",
				);
				MARKETING_VERSION = 1.0;
				PRODUCT_BUNDLE_IDENTIFIER = com.example.RoamX;
				PRODUCT_NAME = "$(TARGET_NAME)";
				SWIFT_EMIT_LOC_STRINGS = YES;
				SWIFT_VERSION = 5.0;
				TARGETED_DEVICE_FAMILY = "1,2";
			};
			name = Debug;
		};
		FCB02E912A548FD300C3EACC /* Release */ = {
			isa = XCBuildConfiguration;
			buildSettings = {
				ASSETCATALOG_COMPILER_APPICON_NAME = AppIcon;
				ASSETCATALOG_COMPILER_GLOBAL_ACCENT_COLOR_NAME = AccentColor;
				CODE_SIGN_STYLE = Automatic;
				CURRENT_PROJECT_VERSION = 1;
				DEVELOPMENT_ASSET_PATHS = "\"RoamX/Preview Content\"";
				ENABLE_PREVIEWS = YES;
				GENERATE_INFOPLIST_FILE = YES;
				INFOPLIST_KEY_UIApplicationSceneManifest_Generation = YES;
				INFOPLIST_KEY_UIApplicationSupportsIndirectInputEvents = YES;
				INFOPLIST_KEY_UILaunchScreen_Generation = YES;
				INFOPLIST_KEY_UISupportedInterfaceOrientations_iPad = "UIInterfaceOrientationPortrait UIInterfaceOrientationPortraitUpsideDown UIInterfaceOrientationLandscapeLeft UIInterfaceOrientationLandscapeRight";
				INFOPLIST_KEY_UISupportedInterfaceOrientations_iPhone = "UIInterfaceOrientationPortrait UIInterfaceOrientationLandscapeLeft UIInterfaceOrientationLandscapeRight";
				LD_RUNPATH_SEARCH_PATHS = (
					"$(inherited)",
					"@executable_path/Frameworks",
				);
				MARKETING_VERSION = 1.0;
				PRODUCT_BUNDLE_IDENTIFIER = com.example.RoamX;
				PRODUCT_NAME = "$(TARGET_NAME)";
				SWIFT_EMIT_LOC_STRINGS = YES;
				SWIFT_VERSION = 5.0;
				TARGETED_DEVICE_FAMILY = "1,2";
			};
			name = Release;
		};
		FCB02E9C2A54905A00C3EACC /* Debug */ = {
			isa = XCBuildConfiguration;
			buildSettings = {
				BUNDLE_LOADER = "$(TEST_HOST)";
				CODE_SIGN_STYLE = Automatic;
				CURRENT_PROJECT_VERSION = 1;
				GENERATE_INFOPLIST_FILE = YES;
				MARKETING_VERSION = 1.0;
				PRODUCT_BUNDLE_IDENTIFIER = com.example.RoamXTests;
				PRODUCT_NAME = "$(TARGET_NAME)";
				SWIFT_EMIT_LOC_STRINGS = NO;
				SWIFT_VERSION = 5.0;
				TARGETED_DEVICE_FAMILY = "1,2";
				TEST_HOST = "$(BUILT_PRODUCTS_DIR)/RoamX.app/$(BUNDLE_EXECUTABLE_FOLDER_PATH)/RoamX";
			};
			name = Debug;
		};
		FCB02E9D2A54905A00C3EACC /* Release */ = {
			isa = XCBuildConfiguration;
			buildSettings = {
				BUNDLE_LOADER = "$(TEST_HOST)";
				CODE_SIGN_STYLE = Automatic;
				CURRENT_PROJECT_VERSION = 1;
				GENERATE_INFOPLIST_FILE = YES;
				MARKETING_VERSION = 1.0;
				PRODUCT_BUNDLE_IDENTIFIER = com.example.RoamXTests;
				PRODUCT_NAME = "$(TARGET_NAME)";
				SWIFT_EMIT_LOC_STRINGS = NO;
				SWIFT_VERSION = 5.0;
				TARGETED_DEVICE_FAMILY = "1,2";
				TEST_HOST = "$(BUILT_PRODUCTS_DIR)/RoamX.app/$(BUNDLE_EXECUTABLE_FOLDER_PATH)/RoamX";
			};
			name = Release;
		};
/* End XCBuildConfiguration section */

/* Begin XCConfigurationList section */
		FCB02E7C2A548FD000C3EACC /* Build configuration list for PBXProject "RoamX" */ = {
			isa = XCConfigurationList;
			buildConfigurations = (
				FCB02E8D2A548FD300C3EACC /* Debug */,
				FCB02E8E2A548FD300C3EACC /* Release */,
			);
			defaultConfigurationIsVisible = 0;
			defaultConfigurationName = Release;
		};
		FCB02E8F2A548FD300C3EACC /* Build configuration list for PBXNativeTarget "RoamX" */ = {
			isa = XCConfigurationList;
			buildConfigurations = (
				FCB02E902A548FD300C3EACC /* Debug */,
				FCB02E912A548FD300C3EACC /* Release */,
			);
			defaultConfigurationIsVisible = 0;
			defaultConfigurationName = Release;
		};
		FCB02E9E2A54905A00C3EACC /* Build configuration list for PBXNativeTarget "RoamXTests" */ = {
			isa = XCConfigurationList;
			buildConfigurations = (
				FCB02E9C2A54905A00C3EACC /* Debug */,
				FCB02E9D2A54905A00C3EACC /* Release */,
			);
			defaultConfigurationIsVisible = 0;
			defaultConfigurationName = Release;
		};
/* End XCConfigurationList section */
	};
	rootObject = FCB02E792A548FD000C3EACC /* Project object */;
}
