// !$*UTF8*$!
{
	archiveVersion = 1;
	classes = {
	};
	objectVersion = 56;
	objects = {

/* Begin PBXBuildFile section */
		FC3E5BA22A4D37CF00B870F5 /* RoamXTests.swift in Sources */ = {isa = PBXBuildFile; fileRef = FC3E5BA12A4D37CF00B870F5 /* RoamXTests.swift */; };
		FC7AA7572A4CB01900ED8D44 /* AppDelegate.swift in Sources */ = {isa = PBXBuildFile; fileRef = FC7AA7562A4CB01900ED8D44 /* AppDelegate.swift */; };
		FC7AA7592A4CB01900ED8D44 /* SceneDelegate.swift in Sources */ = {isa = PBXBuildFile; fileRef = FC7AA7582A4CB01900ED8D44 /* SceneDelegate.swift */; };
		FC7AA75B2A4CB01900ED8D44 /* ViewController.swift in Sources */ = {isa = PBXBuildFile; fileRef = FC7AA75A2A4CB01900ED8D44 /* ViewController.swift */; };
		FC7AA75E2A4CB01900ED8D44 /* Main.storyboard in Resources */ = {isa = PBXBuildFile; fileRef = FC7AA75C2A4CB01900ED8D44 /* Main.storyboard */; };
		FC7AA7602A4CB01B00ED8D44 /* Assets.xcassets in Resources */ = {isa = PBXBuildFile; fileRef = FC7AA75F2A4CB01B00ED8D44 /* Assets.xcassets */; };
		FC7AA7632A4CB01B00ED8D44 /* LaunchScreen.storyboard in Resources */ = {isa = PBXBuildFile; fileRef = FC7AA7612A4CB01B00ED8D44 /* LaunchScreen.storyboard */; };
/* End PBXBuildFile section */

/* Begin PBXContainerItemProxy section */
		FC3E5BA32A4D37CF00B870F5 /* PBXContainerItemProxy */ = {
			isa = PBXContainerItemProxy;
			containerPortal = FC7AA74B2A4CB01900ED8D44 /* Project object */;
			proxyType = 1;
			remoteGlobalIDString = FC7AA7522A4CB01900ED8D44;
			remoteInfo = RoamX;
		};
/* End PBXContainerItemProxy section */

/* Begin PBXFileReference section */
		FC3E5B9F2A4D37CF00B870F5 /* RoamXTests.xctest */ = {isa = PBXFileReference; explicitFileType = wrapper.cfbundle; includeInIndex = 0; path = RoamXTests.xctest; sourceTree = BUILT_PRODUCTS_DIR; };
		FC3E5BA12A4D37CF00B870F5 /* RoamXTests.swift */ = {isa = PBXFileReference; lastKnownFileType = sourcecode.swift; path = RoamXTests.swift; sourceTree = "<group>"; };
		FC3E5BA82A4D382C00B870F5 /* Unit Tests.xctestplan */ = {isa = PBXFileReference; lastKnownFileType = text; name = "Unit Tests.xctestplan"; path = "RoamXTests/Unit Tests.xctestplan"; sourceTree = "<group>"; };
		FC7AA7532A4CB01900ED8D44 /* RoamX.app */ = {isa = PBXFileReference; explicitFileType = wrapper.application; includeInIndex = 0; path = RoamX.app; sourceTree = BUILT_PRODUCTS_DIR; };
		FC7AA7562A4CB01900ED8D44 /* AppDelegate.swift */ = {isa = PBXFileReference; lastKnownFileType = sourcecode.swift; path = AppDelegate.swift; sourceTree = "<group>"; };
		FC7AA7582A4CB01900ED8D44 /* SceneDelegate.swift */ = {isa = PBXFileReference; lastKnownFileType = sourcecode.swift; path = SceneDelegate.swift; sourceTree = "<group>"; };
		FC7AA75A2A4CB01900ED8D44 /* ViewController.swift */ = {isa = PBXFileReference; lastKnownFileType = sourcecode.swift; path = ViewController.swift; sourceTree = "<group>"; };
		FC7AA75D2A4CB01900ED8D44 /* Base */ = {isa = PBXFileReference; lastKnownFileType = file.storyboard; name = Base; path = Base.lproj/Main.storyboard; sourceTree = "<group>"; };
		FC7AA75F2A4CB01B00ED8D44 /* Assets.xcassets */ = {isa = PBXFileReference; lastKnownFileType = folder.assetcatalog; path = Assets.xcassets; sourceTree = "<group>"; };
		FC7AA7622A4CB01B00ED8D44 /* Base */ = {isa = PBXFileReference; lastKnownFileType = file.storyboard; name = Base; path = Base.lproj/LaunchScreen.storyboard; sourceTree = "<group>"; };
		FC7AA7642A4CB01B00ED8D44 /* Info.plist */ = {isa = PBXFileReference; lastKnownFileType = text.plist.xml; path = Info.plist; sourceTree = "<group>"; };
/* End PBXFileReference section */

/* Begin PBXFrameworksBuildPhase section */
		FC3E5B9C2A4D37CF00B870F5 /* Frameworks */ = {
			isa = PBXFrameworksBuildPhase;
			buildActionMask = 2147483647;
			files = (
			);
			runOnlyForDeploymentPostprocessing = 0;
		};
		FC7AA7502A4CB01900ED8D44 /* Frameworks */ = {
			isa = PBXFrameworksBuildPhase;
			buildActionMask = 2147483647;
			files = (
			);
			runOnlyForDeploymentPostprocessing = 0;
		};
/* End PBXFrameworksBuildPhase section */

/* Begin PBXGroup section */
		FC3E5BA02A4D37CF00B870F5 /* RoamXTests */ = {
			isa = PBXGroup;
			children = (
				FC3E5BA12A4D37CF00B870F5 /* RoamXTests.swift */,
			);
			path = RoamXTests;
			sourceTree = "<group>";
		};
		FC7AA74A2A4CB01900ED8D44 = {
			isa = PBXGroup;
			children = (
				FC3E5BA82A4D382C00B870F5 /* Unit Tests.xctestplan */,
				FC7AA7552A4CB01900ED8D44 /* RoamX */,
				FC3E5BA02A4D37CF00B870F5 /* RoamXTests */,
				FC7AA7542A4CB01900ED8D44 /* Products */,
			);
			sourceTree = "<group>";
		};
		FC7AA7542A4CB01900ED8D44 /* Products */ = {
			isa = PBXGroup;
			children = (
				FC7AA7532A4CB01900ED8D44 /* RoamX.app */,
				FC3E5B9F2A4D37CF00B870F5 /* RoamXTests.xctest */,
			);
			name = Products;
			sourceTree = "<group>";
		};
		FC7AA7552A4CB01900ED8D44 /* RoamX */ = {
			isa = PBXGroup;
			children = (
				FC7AA7562A4CB01900ED8D44 /* AppDelegate.swift */,
				FC7AA7582A4CB01900ED8D44 /* SceneDelegate.swift */,
				FC7AA75A2A4CB01900ED8D44 /* ViewController.swift */,
				FC7AA75C2A4CB01900ED8D44 /* Main.storyboard */,
				FC7AA75F2A4CB01B00ED8D44 /* Assets.xcassets */,
				FC7AA7612A4CB01B00ED8D44 /* LaunchScreen.storyboard */,
				FC7AA7642A4CB01B00ED8D44 /* Info.plist */,
			);
			path = RoamX;
			sourceTree = "<group>";
		};
/* End PBXGroup section */

/* Begin PBXNativeTarget section */
		FC3E5B9E2A4D37CF00B870F5 /* RoamXTests */ = {
			isa = PBXNativeTarget;
			buildConfigurationList = FC3E5BA72A4D37CF00B870F5 /* Build configuration list for PBXNativeTarget "RoamXTests" */;
			buildPhases = (
				FC3E5B9B2A4D37CF00B870F5 /* Sources */,
				FC3E5B9C2A4D37CF00B870F5 /* Frameworks */,
				FC3E5B9D2A4D37CF00B870F5 /* Resources */,
			);
			buildRules = (
			);
			dependencies = (
				FC3E5BA42A4D37CF00B870F5 /* PBXTargetDependency */,
			);
			name = RoamXTests;
			productName = RoamXTests;
			productReference = FC3E5B9F2A4D37CF00B870F5 /* RoamXTests.xctest */;
			productType = "com.apple.product-type.bundle.unit-test";
		};
		FC7AA7522A4CB01900ED8D44 /* RoamX */ = {
			isa = PBXNativeTarget;
			buildConfigurationList = FC7AA7672A4CB01B00ED8D44 /* Build configuration list for PBXNativeTarget "RoamX" */;
			buildPhases = (
				FC7AA74F2A4CB01900ED8D44 /* Sources */,
				FC7AA7502A4CB01900ED8D44 /* Frameworks */,
				FC7AA7512A4CB01900ED8D44 /* Resources */,
			);
			buildRules = (
			);
			dependencies = (
			);
			name = RoamX;
			productName = RoamX;
			productReference = FC7AA7532A4CB01900ED8D44 /* RoamX.app */;
			productType = "com.apple.product-type.application";
		};
/* End PBXNativeTarget section */

/* Begin PBXProject section */
		FC7AA74B2A4CB01900ED8D44 /* Project object */ = {
			isa = PBXProject;
			attributes = {
				BuildIndependentTargetsInParallel = 1;
				LastSwiftUpdateCheck = 1420;
				LastUpgradeCheck = 1420;
				TargetAttributes = {
					FC3E5B9E2A4D37CF00B870F5 = {
						CreatedOnToolsVersion = 14.2;
						TestTargetID = FC7AA7522A4CB01900ED8D44;
					};
					FC7AA7522A4CB01900ED8D44 = {
						CreatedOnToolsVersion = 14.2;
					};
				};
			};
			buildConfigurationList = FC7AA74E2A4CB01900ED8D44 /* Build configuration list for PBXProject "RoamX" */;
			compatibilityVersion = "Xcode 14.0";
			developmentRegion = en;
			hasScannedForEncodings = 0;
			knownRegions = (
				en,
				Base,
			);
			mainGroup = FC7AA74A2A4CB01900ED8D44;
			productRefGroup = FC7AA7542A4CB01900ED8D44 /* Products */;
			projectDirPath = "";
			projectRoot = "";
			targets = (
				FC7AA7522A4CB01900ED8D44 /* RoamX */,
				FC3E5B9E2A4D37CF00B870F5 /* RoamXTests */,
			);
		};
/* End PBXProject section */

/* Begin PBXResourcesBuildPhase section */
		FC3E5B9D2A4D37CF00B870F5 /* Resources */ = {
			isa = PBXResourcesBuildPhase;
			buildActionMask = 2147483647;
			files = (
			);
			runOnlyForDeploymentPostprocessing = 0;
		};
		FC7AA7512A4CB01900ED8D44 /* Resources */ = {
			isa = PBXResourcesBuildPhase;
			buildActionMask = 2147483647;
			files = (
				FC7AA7632A4CB01B00ED8D44 /* LaunchScreen.storyboard in Resources */,
				FC7AA7602A4CB01B00ED8D44 /* Assets.xcassets in Resources */,
				FC7AA75E2A4CB01900ED8D44 /* Main.storyboard in Resources */,
			);
			runOnlyForDeploymentPostprocessing = 0;
		};
/* End PBXResourcesBuildPhase section */

/* Begin PBXSourcesBuildPhase section */
		FC3E5B9B2A4D37CF00B870F5 /* Sources */ = {
			isa = PBXSourcesBuildPhase;
			buildActionMask = 2147483647;
			files = (
				FC3E5BA22A4D37CF00B870F5 /* RoamXTests.swift in Sources */,
			);
			runOnlyForDeploymentPostprocessing = 0;
		};
		FC7AA74F2A4CB01900ED8D44 /* Sources */ = {
			isa = PBXSourcesBuildPhase;
			buildActionMask = 2147483647;
			files = (
				FC7AA75B2A4CB01900ED8D44 /* ViewController.swift in Sources */,
				FC7AA7572A4CB01900ED8D44 /* AppDelegate.swift in Sources */,
				FC7AA7592A4CB01900ED8D44 /* SceneDelegate.swift in Sources */,
			);
			runOnlyForDeploymentPostprocessing = 0;
		};
/* End PBXSourcesBuildPhase section */

/* Begin PBXTargetDependency section */
		FC3E5BA42A4D37CF00B870F5 /* PBXTargetDependency */ = {
			isa = PBXTargetDependency;
			target = FC7AA7522A4CB01900ED8D44 /* RoamX */;
			targetProxy = FC3E5BA32A4D37CF00B870F5 /* PBXContainerItemProxy */;
		};
/* End PBXTargetDependency section */

/* Begin PBXVariantGroup section */
		FC7AA75C2A4CB01900ED8D44 /* Main.storyboard */ = {
			isa = PBXVariantGroup;
			children = (
				FC7AA75D2A4CB01900ED8D44 /* Base */,
			);
			name = Main.storyboard;
			sourceTree = "<group>";
		};
		FC7AA7612A4CB01B00ED8D44 /* LaunchScreen.storyboard */ = {
			isa = PBXVariantGroup;
			children = (
				FC7AA7622A4CB01B00ED8D44 /* Base */,
			);
			name = LaunchScreen.storyboard;
			sourceTree = "<group>";
		};
/* End PBXVariantGroup section */

/* Begin XCBuildConfiguration section */
		FC3E5BA52A4D37CF00B870F5 /* Debug */ = {
			isa = XCBuildConfiguration;
			buildSettings = {
				BUNDLE_LOADER = "$(TEST_HOST)";
				CODE_SIGN_STYLE = Automatic;
				CURRENT_PROJECT_VERSION = 1;
				DEVELOPMENT_TEAM = 332VV78KMG;
				GENERATE_INFOPLIST_FILE = YES;
				MARKETING_VERSION = 1.0;
				PRODUCT_BUNDLE_IDENTIFIER = com.example.cgraham.RoamXTests;
				PRODUCT_NAME = "$(TARGET_NAME)";
				SWIFT_EMIT_LOC_STRINGS = NO;
				SWIFT_VERSION = 5.0;
				TARGETED_DEVICE_FAMILY = "1,2";
				TEST_HOST = "$(BUILT_PRODUCTS_DIR)/RoamX.app/$(BUNDLE_EXECUTABLE_FOLDER_PATH)/RoamX";
			};
			name = Debug;
		};
		FC3E5BA62A4D37CF00B870F5 /* Release */ = {
			isa = XCBuildConfiguration;
			buildSettings = {
				BUNDLE_LOADER = "$(TEST_HOST)";
				CODE_SIGN_STYLE = Automatic;
				CURRENT_PROJECT_VERSION = 1;
				DEVELOPMENT_TEAM = 332VV78KMG;
				GENERATE_INFOPLIST_FILE = YES;
				MARKETING_VERSION = 1.0;
				PRODUCT_BUNDLE_IDENTIFIER = com.example.cgraham.RoamXTests;
				PRODUCT_NAME = "$(TARGET_NAME)";
				SWIFT_EMIT_LOC_STRINGS = NO;
				SWIFT_VERSION = 5.0;
				TARGETED_DEVICE_FAMILY = "1,2";
				TEST_HOST = "$(BUILT_PRODUCTS_DIR)/RoamX.app/$(BUNDLE_EXECUTABLE_FOLDER_PATH)/RoamX";
			};
			name = Release;
		};
		FC7AA7652A4CB01B00ED8D44 /* Debug */ = {
			isa = XCBuildConfiguration;
			buildSettings = {
				ALWAYS_SEARCH_USER_PATHS = NO;
				CLANG_ANALYZER_NONNULL = YES;
				CLANG_ANALYZER_NUMBER_OBJECT_CONVERSION = YES_AGGRESSIVE;
				CLANG_CXX_LANGUAGE_STANDARD = "gnu++20";
				CLANG_ENABLE_MODULES = YES;
				CLANG_ENABLE_OBJC_ARC = YES;
				CLANG_ENABLE_OBJC_WEAK = YES;
				CLANG_WARN_BLOCK_CAPTURE_AUTORELEASING = YES;
				CLANG_WARN_BOOL_CONVERSION = YES;
				CLANG_WARN_COMMA = YES;
				CLANG_WARN_CONSTANT_CONVERSION = YES;
				CLANG_WARN_DEPRECATED_OBJC_IMPLEMENTATIONS = YES;
				CLANG_WARN_DIRECT_OBJC_ISA_USAGE = YES_ERROR;
				CLANG_WARN_DOCUMENTATION_COMMENTS = YES;
				CLANG_WARN_EMPTY_BODY = YES;
				CLANG_WARN_ENUM_CONVERSION = YES;
				CLANG_WARN_INFINITE_RECURSION = YES;
				CLANG_WARN_INT_CONVERSION = YES;
				CLANG_WARN_NON_LITERAL_NULL_CONVERSION = YES;
				CLANG_WARN_OBJC_IMPLICIT_RETAIN_SELF = YES;
				CLANG_WARN_OBJC_LITERAL_CONVERSION = YES;
				CLANG_WARN_OBJC_ROOT_CLASS = YES_ERROR;
				CLANG_WARN_QUOTED_INCLUDE_IN_FRAMEWORK_HEADER = YES;
				CLANG_WARN_RANGE_LOOP_ANALYSIS = YES;
				CLANG_WARN_STRICT_PROTOTYPES = YES;
				CLANG_WARN_SUSPICIOUS_MOVE = YES;
				CLANG_WARN_UNGUARDED_AVAILABILITY = YES_AGGRESSIVE;
				CLANG_WARN_UNREACHABLE_CODE = YES;
				CLANG_WARN__DUPLICATE_METHOD_MATCH = YES;
				COPY_PHASE_STRIP = NO;
				DEBUG_INFORMATION_FORMAT = dwarf;
				ENABLE_STRICT_OBJC_MSGSEND = YES;
				ENABLE_TESTABILITY = YES;
				GCC_C_LANGUAGE_STANDARD = gnu11;
				GCC_DYNAMIC_NO_PIC = NO;
				GCC_NO_COMMON_BLOCKS = YES;
				GCC_OPTIMIZATION_LEVEL = 0;
				GCC_PREPROCESSOR_DEFINITIONS = (
					"DEBUG=1",
					"$(inherited)",
				);
				GCC_WARN_64_TO_32_BIT_CONVERSION = YES;
				GCC_WARN_ABOUT_RETURN_TYPE = YES_ERROR;
				GCC_WARN_UNDECLARED_SELECTOR = YES;
				GCC_WARN_UNINITIALIZED_AUTOS = YES_AGGRESSIVE;
				GCC_WARN_UNUSED_FUNCTION = YES;
				GCC_WARN_UNUSED_VARIABLE = YES;
				IPHONEOS_DEPLOYMENT_TARGET = 16.2;
				MTL_ENABLE_DEBUG_INFO = INCLUDE_SOURCE;
				MTL_FAST_MATH = YES;
				ONLY_ACTIVE_ARCH = YES;
				SDKROOT = iphoneos;
				SWIFT_ACTIVE_COMPILATION_CONDITIONS = DEBUG;
				SWIFT_OPTIMIZATION_LEVEL = "-Onone";
			};
			name = Debug;
		};
		FC7AA7662A4CB01B00ED8D44 /* Release */ = {
			isa = XCBuildConfiguration;
			buildSettings = {
				ALWAYS_SEARCH_USER_PATHS = NO;
				CLANG_ANALYZER_NONNULL = YES;
				CLANG_ANALYZER_NUMBER_OBJECT_CONVERSION = YES_AGGRESSIVE;
				CLANG_CXX_LANGUAGE_STANDARD = "gnu++20";
				CLANG_ENABLE_MODULES = YES;
				CLANG_ENABLE_OBJC_ARC = YES;
				CLANG_ENABLE_OBJC_WEAK = YES;
				CLANG_WARN_BLOCK_CAPTURE_AUTORELEASING = YES;
				CLANG_WARN_BOOL_CONVERSION = YES;
				CLANG_WARN_COMMA = YES;
				CLANG_WARN_CONSTANT_CONVERSION = YES;
				CLANG_WARN_DEPRECATED_OBJC_IMPLEMENTATIONS = YES;
				CLANG_WARN_DIRECT_OBJC_ISA_USAGE = YES_ERROR;
				CLANG_WARN_DOCUMENTATION_COMMENTS = YES;
				CLANG_WARN_EMPTY_BODY = YES;
				CLANG_WARN_ENUM_CONVERSION = YES;
				CLANG_WARN_INFINITE_RECURSION = YES;
				CLANG_WARN_INT_CONVERSION = YES;
				CLANG_WARN_NON_LITERAL_NULL_CONVERSION = YES;
				CLANG_WARN_OBJC_IMPLICIT_RETAIN_SELF = YES;
				CLANG_WARN_OBJC_LITERAL_CONVERSION = YES;
				CLANG_WARN_OBJC_ROOT_CLASS = YES_ERROR;
				CLANG_WARN_QUOTED_INCLUDE_IN_FRAMEWORK_HEADER = YES;
				CLANG_WARN_RANGE_LOOP_ANALYSIS = YES;
				CLANG_WARN_STRICT_PROTOTYPES = YES;
				CLANG_WARN_SUSPICIOUS_MOVE = YES;
				CLANG_WARN_UNGUARDED_AVAILABILITY = YES_AGGRESSIVE;
				CLANG_WARN_UNREACHABLE_CODE = YES;
				CLANG_WARN__DUPLICATE_METHOD_MATCH = YES;
				COPY_PHASE_STRIP = NO;
				DEBUG_INFORMATION_FORMAT = "dwarf-with-dsym";
				ENABLE_NS_ASSERTIONS = NO;
				ENABLE_STRICT_OBJC_MSGSEND = YES;
				GCC_C_LANGUAGE_STANDARD = gnu11;
				GCC_NO_COMMON_BLOCKS = YES;
				GCC_WARN_64_TO_32_BIT_CONVERSION = YES;
				GCC_WARN_ABOUT_RETURN_TYPE = YES_ERROR;
				GCC_WARN_UNDECLARED_SELECTOR = YES;
				GCC_WARN_UNINITIALIZED_AUTOS = YES_AGGRESSIVE;
				GCC_WARN_UNUSED_FUNCTION = YES;
				GCC_WARN_UNUSED_VARIABLE = YES;
				IPHONEOS_DEPLOYMENT_TARGET = 16.2;
				MTL_ENABLE_DEBUG_INFO = NO;
				MTL_FAST_MATH = YES;
				SDKROOT = iphoneos;
				SWIFT_COMPILATION_MODE = wholemodule;
				SWIFT_OPTIMIZATION_LEVEL = "-O";
				VALIDATE_PRODUCT = YES;
			};
			name = Release;
		};
		FC7AA7682A4CB01B00ED8D44 /* Debug */ = {
			isa = XCBuildConfiguration;
			buildSettings = {
				ASSETCATALOG_COMPILER_APPICON_NAME = AppIcon;
				ASSETCATALOG_COMPILER_GLOBAL_ACCENT_COLOR_NAME = AccentColor;
				CODE_SIGN_STYLE = Automatic;
				CURRENT_PROJECT_VERSION = 1;
				DEVELOPMENT_TEAM = 332VV78KMG;
				GENERATE_INFOPLIST_FILE = YES;
				INFOPLIST_FILE = RoamX/Info.plist;
				INFOPLIST_KEY_UIApplicationSupportsIndirectInputEvents = YES;
				INFOPLIST_KEY_UILaunchStoryboardName = LaunchScreen;
				INFOPLIST_KEY_UIMainStoryboardFile = Main;
				INFOPLIST_KEY_UISupportedInterfaceOrientations_iPad = "UIInterfaceOrientationPortrait UIInterfaceOrientationPortraitUpsideDown UIInterfaceOrientationLandscapeLeft UIInterfaceOrientationLandscapeRight";
				INFOPLIST_KEY_UISupportedInterfaceOrientations_iPhone = "UIInterfaceOrientationPortrait UIInterfaceOrientationLandscapeLeft UIInterfaceOrientationLandscapeRight";
				LD_RUNPATH_SEARCH_PATHS = (
					"$(inherited)",
					"@executable_path/Frameworks",
				);
				MARKETING_VERSION = 1.0;
				PRODUCT_BUNDLE_IDENTIFIER = com.example.cgraham.RoamX;
				PRODUCT_NAME = "$(TARGET_NAME)";
				SWIFT_EMIT_LOC_STRINGS = YES;
				SWIFT_VERSION = 5.0;
				TARGETED_DEVICE_FAMILY = "1,2";
			};
			name = Debug;
		};
		FC7AA7692A4CB01B00ED8D44 /* Release */ = {
			isa = XCBuildConfiguration;
			buildSettings = {
				ASSETCATALOG_COMPILER_APPICON_NAME = AppIcon;
				ASSETCATALOG_COMPILER_GLOBAL_ACCENT_COLOR_NAME = AccentColor;
				CODE_SIGN_STYLE = Automatic;
				CURRENT_PROJECT_VERSION = 1;
				DEVELOPMENT_TEAM = 332VV78KMG;
				GENERATE_INFOPLIST_FILE = YES;
				INFOPLIST_FILE = RoamX/Info.plist;
				INFOPLIST_KEY_UIApplicationSupportsIndirectInputEvents = YES;
				INFOPLIST_KEY_UILaunchStoryboardName = LaunchScreen;
				INFOPLIST_KEY_UIMainStoryboardFile = Main;
				INFOPLIST_KEY_UISupportedInterfaceOrientations_iPad = "UIInterfaceOrientationPortrait UIInterfaceOrientationPortraitUpsideDown UIInterfaceOrientationLandscapeLeft UIInterfaceOrientationLandscapeRight";
				INFOPLIST_KEY_UISupportedInterfaceOrientations_iPhone = "UIInterfaceOrientationPortrait UIInterfaceOrientationLandscapeLeft UIInterfaceOrientationLandscapeRight";
				LD_RUNPATH_SEARCH_PATHS = (
					"$(inherited)",
					"@executable_path/Frameworks",
				);
				MARKETING_VERSION = 1.0;
				PRODUCT_BUNDLE_IDENTIFIER = com.example.cgraham.RoamX;
				PRODUCT_NAME = "$(TARGET_NAME)";
				SWIFT_EMIT_LOC_STRINGS = YES;
				SWIFT_VERSION = 5.0;
				TARGETED_DEVICE_FAMILY = "1,2";
			};
			name = Release;
		};
/* End XCBuildConfiguration section */

/* Begin XCConfigurationList section */
		FC3E5BA72A4D37CF00B870F5 /* Build configuration list for PBXNativeTarget "RoamXTests" */ = {
			isa = XCConfigurationList;
			buildConfigurations = (
				FC3E5BA52A4D37CF00B870F5 /* Debug */,
				FC3E5BA62A4D37CF00B870F5 /* Release */,
			);
			defaultConfigurationIsVisible = 0;
			defaultConfigurationName = Release;
		};
		FC7AA74E2A4CB01900ED8D44 /* Build configuration list for PBXProject "RoamX" */ = {
			isa = XCConfigurationList;
			buildConfigurations = (
				FC7AA7652A4CB01B00ED8D44 /* Debug */,
				FC7AA7662A4CB01B00ED8D44 /* Release */,
			);
			defaultConfigurationIsVisible = 0;
			defaultConfigurationName = Release;
		};
		FC7AA7672A4CB01B00ED8D44 /* Build configuration list for PBXNativeTarget "RoamX" */ = {
			isa = XCConfigurationList;
			buildConfigurations = (
				FC7AA7682A4CB01B00ED8D44 /* Debug */,
				FC7AA7692A4CB01B00ED8D44 /* Release */,
			);
			defaultConfigurationIsVisible = 0;
			defaultConfigurationName = Release;
		};
/* End XCConfigurationList section */
	};
	rootObject = FC7AA74B2A4CB01900ED8D44 /* Project object */;
}
